
Microsoft Visual Studio Solution File, Format Version 12.00
# Visual Studio Version 16
VisualStudioVersion = 16.0.29519.181
MinimumVisualStudioVersion = 10.0.40219.1
Project("{2150E333-8FDC-42A3-9474-1A3956D46DE8}") = "src", "src", "{8A9BC34B-DF33-49C3-AB28-92AEEBD45F84}"
EndProject
Project("{2150E333-8FDC-42A3-9474-1A3956D46DE8}") = "Solution Items", "Solution Items", "{B2EEFDB4-1549-4898-95BE-11E3CDBB86DA}"
	ProjectSection(SolutionItems) = preProject
		.gitignore = .gitignore
		..\WireMock.Net\Directory.Build.props = ..\WireMock.Net\Directory.Build.props
		GitHubReleaseNotes.txt = GitHubReleaseNotes.txt
		LICENSE = LICENSE
		README.md = README.md
		ReleaseNotes.md = ReleaseNotes.md
	EndProjectSection
EndProject
Project("{2150E333-8FDC-42A3-9474-1A3956D46DE8}") = "examples", "examples", "{FF14D365-9746-4E03-BF45-927F704C9314}"
EndProject
Project("{9A19103F-16F7-4668-BE54-9A1E7A4F7556}") = "Howler.Blazor", "src\Howler.Blazor\Howler.Blazor.csproj", "{D3804221-1234-4502-9595-39584E5A0000}"
EndProject
Project("{9A19103F-16F7-4668-BE54-9A1E7A4F7556}") = "Howler.Blazor-AudioPlayer", "examples\Howler.Blazor-AudioPlayer\Howler.Blazor-AudioPlayer.csproj", "{4E9D1FD3-457A-41B2-BE3F-9E5703BD461B}"
EndProject
Global
	GlobalSection(SolutionConfigurationPlatforms) = preSolution
		Debug|Any CPU = Debug|Any CPU
		Release|Any CPU = Release|Any CPU
	EndGlobalSection
	GlobalSection(ProjectConfigurationPlatforms) = postSolution
		{D3804221-1234-4502-9595-39584E5A0000}.Debug|Any CPU.ActiveCfg = Debug|Any CPU
		{D3804221-1234-4502-9595-39584E5A0000}.Debug|Any CPU.Build.0 = Debug|Any CPU
		{D3804221-1234-4502-9595-39584E5A0000}.Release|Any CPU.ActiveCfg = Release|Any CPU
		{D3804221-1234-4502-9595-39584E5A0000}.Release|Any CPU.Build.0 = Release|Any CPU
		{4E9D1FD3-457A-41B2-BE3F-9E5703BD461B}.Debug|Any CPU.ActiveCfg = Debug|Any CPU
		{4E9D1FD3-457A-41B2-BE3F-9E5703BD461B}.Debug|Any CPU.Build.0 = Debug|Any CPU
		{4E9D1FD3-457A-41B2-BE3F-9E5703BD461B}.Release|Any CPU.ActiveCfg = Release|Any CPU
		{4E9D1FD3-457A-41B2-BE3F-9E5703BD461B}.Release|Any CPU.Build.0 = Release|Any CPU
	EndGlobalSection
	GlobalSection(SolutionProperties) = preSolution
		HideSolutionNode = FALSE
	EndGlobalSection
	GlobalSection(NestedProjects) = preSolution
		{D3804221-1234-4502-9595-39584E5A0000} = {8A9BC34B-DF33-49C3-AB28-92AEEBD45F84}
		{4E9D1FD3-457A-41B2-BE3F-9E5703BD461B} = {FF14D365-9746-4E03-BF45-927F704C9314}
	EndGlobalSection
	GlobalSection(ExtensibilityGlobals) = postSolution
		SolutionGuid = {B6A8922C-F54E-40FD-B26A-0E636A9EE552}
	EndGlobalSection
EndGlobal
